
Microsoft Visual Studio Solution File, Format Version 12.00
# Visual Studio Version 16
VisualStudioVersion = 16.0.31205.134
MinimumVisualStudioVersion = 10.0.40219.1
Project("{9A19103F-16F7-4668-BE54-9A1E7A4F7556}") = "MVCAgenda", "MVCAgenda\MVCAgenda.csproj", "{FD72CA65-28C4-49EB-89D8-0D2C7082A23B}"
EndProject
Project("{9A19103F-16F7-4668-BE54-9A1E7A4F7556}") = "MVCAgenda.Service", "MVCAgenda.Service\MVCAgenda.Service.csproj", "{8AC551FC-C530-4237-A280-5F0B283A907B}"
EndProject
Project("{9A19103F-16F7-4668-BE54-9A1E7A4F7556}") = "MVCAgenda.Data", "MVCAgenda.Data\MVCAgenda.Data.csproj", "{D5D90532-77FE-428E-B6E2-1C73A8EBDF7B}"
EndProject
Project("{9A19103F-16F7-4668-BE54-9A1E7A4F7556}") = "MVCAgenda.Core", "MVCAgenda.Core\MVCAgenda.Core.csproj", "{7E71A58D-058F-4184-A579-E16AC31E707E}"
EndProject
Project("{2150E333-8FDC-42A3-9474-1A3956D46DE8}") = "Libraries", "Libraries", "{A32EA766-E6DE-4393-81BE-99689A4EBD2F}"
EndProject
Global
	GlobalSection(SolutionConfigurationPlatforms) = preSolution
		Debug|Any CPU = Debug|Any CPU
		Release|Any CPU = Release|Any CPU
	EndGlobalSection
	GlobalSection(ProjectConfigurationPlatforms) = postSolution
		{FD72CA65-28C4-49EB-89D8-0D2C7082A23B}.Debug|Any CPU.ActiveCfg = Debug|Any CPU
		{FD72CA65-28C4-49EB-89D8-0D2C7082A23B}.Debug|Any CPU.Build.0 = Debug|Any CPU
		{FD72CA65-28C4-49EB-89D8-0D2C7082A23B}.Release|Any CPU.ActiveCfg = Release|Any CPU
		{FD72CA65-28C4-49EB-89D8-0D2C7082A23B}.Release|Any CPU.Build.0 = Release|Any CPU
		{8AC551FC-C530-4237-A280-5F0B283A907B}.Debug|Any CPU.ActiveCfg = Debug|Any CPU
		{8AC551FC-C530-4237-A280-5F0B283A907B}.Debug|Any CPU.Build.0 = Debug|Any CPU
		{8AC551FC-C530-4237-A280-5F0B283A907B}.Release|Any CPU.ActiveCfg = Release|Any CPU
		{8AC551FC-C530-4237-A280-5F0B283A907B}.Release|Any CPU.Build.0 = Release|Any CPU
		{D5D90532-77FE-428E-B6E2-1C73A8EBDF7B}.Debug|Any CPU.ActiveCfg = Debug|Any CPU
		{D5D90532-77FE-428E-B6E2-1C73A8EBDF7B}.Debug|Any CPU.Build.0 = Debug|Any CPU
		{D5D90532-77FE-428E-B6E2-1C73A8EBDF7B}.Release|Any CPU.ActiveCfg = Release|Any CPU
		{D5D90532-77FE-428E-B6E2-1C73A8EBDF7B}.Release|Any CPU.Build.0 = Release|Any CPU
		{7E71A58D-058F-4184-A579-E16AC31E707E}.Debug|Any CPU.ActiveCfg = Debug|Any CPU
		{7E71A58D-058F-4184-A579-E16AC31E707E}.Debug|Any CPU.Build.0 = Debug|Any CPU
		{7E71A58D-058F-4184-A579-E16AC31E707E}.Release|Any CPU.ActiveCfg = Release|Any CPU
		{7E71A58D-058F-4184-A579-E16AC31E707E}.Release|Any CPU.Build.0 = Release|Any CPU
	EndGlobalSection
	GlobalSection(SolutionProperties) = preSolution
		HideSolutionNode = FALSE
	EndGlobalSection
	GlobalSection(NestedProjects) = preSolution
		{8AC551FC-C530-4237-A280-5F0B283A907B} = {A32EA766-E6DE-4393-81BE-99689A4EBD2F}
		{D5D90532-77FE-428E-B6E2-1C73A8EBDF7B} = {A32EA766-E6DE-4393-81BE-99689A4EBD2F}
		{7E71A58D-058F-4184-A579-E16AC31E707E} = {A32EA766-E6DE-4393-81BE-99689A4EBD2F}
	EndGlobalSection
	GlobalSection(ExtensibilityGlobals) = postSolution
		SolutionGuid = {5D30BFDE-E65E-4D26-9029-0D51E2F727A4}
	EndGlobalSection
EndGlobal
